
Microsoft Visual Studio Solution File, Format Version 12.00
# Visual Studio Version 17
VisualStudioVersion = 17.0.31912.275
MinimumVisualStudioVersion = 10.0.40219.1
Project("{FAE04EC0-301F-11D3-BF4B-00C04F79EFBC}") = "TimeTrees", "TimeTrees\TimeTrees.csproj", "{EA9E323C-953C-4BDC-ADE9-01EEC9F20285}"
EndProject
Global
	GlobalSection(SolutionConfigurationPlatforms) = preSolution
		Debug|Any CPU = Debug|Any CPU
		Release|Any CPU = Release|Any CPU
	EndGlobalSection
	GlobalSection(ProjectConfigurationPlatforms) = postSolution
		{EA9E323C-953C-4BDC-ADE9-01EEC9F20285}.Debug|Any CPU.ActiveCfg = Debug|Any CPU
		{EA9E323C-953C-4BDC-ADE9-01EEC9F20285}.Debug|Any CPU.Build.0 = Debug|Any CPU
		{EA9E323C-953C-4BDC-ADE9-01EEC9F20285}.Release|Any CPU.ActiveCfg = Release|Any CPU
		{EA9E323C-953C-4BDC-ADE9-01EEC9F20285}.Release|Any CPU.Build.0 = Release|Any CPU
	EndGlobalSection
	GlobalSection(SolutionProperties) = preSolution
		HideSolutionNode = FALSE
	EndGlobalSection
	GlobalSection(ExtensibilityGlobals) = postSolution
		SolutionGuid = {A6382E3B-9F9C-47EB-A19A-186D390CCF9B}
	EndGlobalSection
EndGlobal
